
Microsoft Visual Studio Solution File, Format Version 12.00
# Visual Studio 2012
Project("{FAE04EC0-301F-11D3-BF4B-00C04F79EFBC}") = "FlipNumberView", "FlipNumberView\FlipNumberView.csproj", "{BB05C62F-4FD7-4636-AD4C-BDF421709133}"
EndProject
Project("{FAE04EC0-301F-11D3-BF4B-00C04F79EFBC}") = "SampleApplication", "SampleApplication\SampleApplication.csproj", "{B5F2BCA7-4235-4438-831F-F8625C698AA4}"
EndProject
Global
	GlobalSection(SolutionConfigurationPlatforms) = preSolution
		Debug|Any CPU = Debug|Any CPU
		Release|Any CPU = Release|Any CPU
		Debug|iPhoneSimulator = Debug|iPhoneSimulator
		Release|iPhone = Release|iPhone
		Release|iPhoneSimulator = Release|iPhoneSimulator
		Debug|iPhone = Debug|iPhone
	EndGlobalSection
	GlobalSection(ProjectConfigurationPlatforms) = postSolution
		{BB05C62F-4FD7-4636-AD4C-BDF421709133}.Debug|Any CPU.ActiveCfg = Debug|Any CPU
		{BB05C62F-4FD7-4636-AD4C-BDF421709133}.Debug|Any CPU.Build.0 = Debug|Any CPU
		{BB05C62F-4FD7-4636-AD4C-BDF421709133}.Release|Any CPU.ActiveCfg = Release|Any CPU
		{BB05C62F-4FD7-4636-AD4C-BDF421709133}.Release|Any CPU.Build.0 = Release|Any CPU
		{BB05C62F-4FD7-4636-AD4C-BDF421709133}.Debug|iPhoneSimulator.ActiveCfg = Debug|Any CPU
		{BB05C62F-4FD7-4636-AD4C-BDF421709133}.Debug|iPhoneSimulator.Build.0 = Debug|Any CPU
		{BB05C62F-4FD7-4636-AD4C-BDF421709133}.Release|iPhone.ActiveCfg = Release|Any CPU
		{BB05C62F-4FD7-4636-AD4C-BDF421709133}.Release|iPhone.Build.0 = Release|Any CPU
		{BB05C62F-4FD7-4636-AD4C-BDF421709133}.Release|iPhoneSimulator.ActiveCfg = Release|Any CPU
		{BB05C62F-4FD7-4636-AD4C-BDF421709133}.Release|iPhoneSimulator.Build.0 = Release|Any CPU
		{BB05C62F-4FD7-4636-AD4C-BDF421709133}.Debug|iPhone.ActiveCfg = Debug|Any CPU
		{BB05C62F-4FD7-4636-AD4C-BDF421709133}.Debug|iPhone.Build.0 = Debug|Any CPU
		{B5F2BCA7-4235-4438-831F-F8625C698AA4}.Debug|Any CPU.ActiveCfg = Debug|iPhoneSimulator
		{B5F2BCA7-4235-4438-831F-F8625C698AA4}.Debug|Any CPU.Build.0 = Debug|iPhoneSimulator
		{B5F2BCA7-4235-4438-831F-F8625C698AA4}.Release|Any CPU.ActiveCfg = Release|iPhone
		{B5F2BCA7-4235-4438-831F-F8625C698AA4}.Release|Any CPU.Build.0 = Release|iPhone
		{B5F2BCA7-4235-4438-831F-F8625C698AA4}.Debug|iPhoneSimulator.ActiveCfg = Debug|iPhoneSimulator
		{B5F2BCA7-4235-4438-831F-F8625C698AA4}.Debug|iPhoneSimulator.Build.0 = Debug|iPhoneSimulator
		{B5F2BCA7-4235-4438-831F-F8625C698AA4}.Release|iPhone.ActiveCfg = Release|iPhone
		{B5F2BCA7-4235-4438-831F-F8625C698AA4}.Release|iPhone.Build.0 = Release|iPhone
		{B5F2BCA7-4235-4438-831F-F8625C698AA4}.Release|iPhoneSimulator.ActiveCfg = Release|iPhoneSimulator
		{B5F2BCA7-4235-4438-831F-F8625C698AA4}.Release|iPhoneSimulator.Build.0 = Release|iPhoneSimulator
		{B5F2BCA7-4235-4438-831F-F8625C698AA4}.Debug|iPhone.ActiveCfg = Debug|iPhone
		{B5F2BCA7-4235-4438-831F-F8625C698AA4}.Debug|iPhone.Build.0 = Debug|iPhone
	EndGlobalSection
EndGlobal
